
Microsoft Visual Studio Solution File, Format Version 12.00
# Visual Studio Version 17
VisualStudioVersion = 17.11.35303.130
MinimumVisualStudioVersion = 10.0.40219.1
Project("{FAE04EC0-301F-11D3-BF4B-00C04F79EFBC}") = "Loteria", "Loteria\Loteria.csproj", "{DEF1BB20-FF68-4178-9D9A-CBD0C2772FFF}"
EndProject
Global
	GlobalSection(SolutionConfigurationPlatforms) = preSolution
		Debug|Any CPU = Debug|Any CPU
		Release|Any CPU = Release|Any CPU
	EndGlobalSection
	GlobalSection(ProjectConfigurationPlatforms) = postSolution
		{DEF1BB20-FF68-4178-9D9A-CBD0C2772FFF}.Debug|Any CPU.ActiveCfg = Debug|Any CPU
		{DEF1BB20-FF68-4178-9D9A-CBD0C2772FFF}.Debug|Any CPU.Build.0 = Debug|Any CPU
		{DEF1BB20-FF68-4178-9D9A-CBD0C2772FFF}.Release|Any CPU.ActiveCfg = Release|Any CPU
		{DEF1BB20-FF68-4178-9D9A-CBD0C2772FFF}.Release|Any CPU.Build.0 = Release|Any CPU
	EndGlobalSection
	GlobalSection(SolutionProperties) = preSolution
		HideSolutionNode = FALSE
	EndGlobalSection
	GlobalSection(ExtensibilityGlobals) = postSolution
		SolutionGuid = {ED10B012-C9E0-4C33-9460-CBDB4A65B873}
	EndGlobalSection
EndGlobal
