
Microsoft Visual Studio Solution File, Format Version 12.00
# Visual Studio Version 17
VisualStudioVersion = 17.11.35303.130
MinimumVisualStudioVersion = 10.0.40219.1
Project("{FAE04EC0-301F-11D3-BF4B-00C04F79EFBC}") = "ejercicio06WebBrowser", "ejercicio06WebBrowser\ejercicio06WebBrowser.csproj", "{7C856ADA-F005-44EB-A0D2-A063F7F94E44}"
EndProject
Global
	GlobalSection(SolutionConfigurationPlatforms) = preSolution
		Debug|Any CPU = Debug|Any CPU
		Release|Any CPU = Release|Any CPU
	EndGlobalSection
	GlobalSection(ProjectConfigurationPlatforms) = postSolution
		{7C856ADA-F005-44EB-A0D2-A063F7F94E44}.Debug|Any CPU.ActiveCfg = Debug|Any CPU
		{7C856ADA-F005-44EB-A0D2-A063F7F94E44}.Debug|Any CPU.Build.0 = Debug|Any CPU
		{7C856ADA-F005-44EB-A0D2-A063F7F94E44}.Release|Any CPU.ActiveCfg = Release|Any CPU
		{7C856ADA-F005-44EB-A0D2-A063F7F94E44}.Release|Any CPU.Build.0 = Release|Any CPU
	EndGlobalSection
	GlobalSection(SolutionProperties) = preSolution
		HideSolutionNode = FALSE
	EndGlobalSection
	GlobalSection(ExtensibilityGlobals) = postSolution
		SolutionGuid = {DD057BE2-FC1B-4181-849E-46AABEAEB5A0}
	EndGlobalSection
EndGlobal
